// !$*UTF8*$!
{
	archiveVersion = 1;
	classes = {
	};
	objectVersion = 77;
	objects = {

/* Begin PBXBuildFile section */
		EB7E73212F263C9B00215EFC /* ContentView.swift in Sources */ = {isa = PBXBuildFile; fileRef = EB7E731D2F263C9B00215EFC /* ContentView.swift */; };
		EB7E73222F263C9B00215EFC /* MacMouseControllerApp.swift in Sources */ = {isa = PBXBuildFile; fileRef = EB7E731E2F263C9B00215EFC /* MacMouseControllerApp.swift */; };
		EB7E73232F263C9B00215EFC /* PermissionManager.swift in Sources */ = {isa = PBXBuildFile; fileRef = EB7E731F2F263C9B00215EFC /* PermissionManager.swift */; };
		EB7E732A2F26425D00215EFC /* AppState.swift in Sources */ = {isa = PBXBuildFile; fileRef = EB7E73292F26425300215EFC /* AppState.swift */; };
		EBFD7B462F27C05D005AD941 /* MouseHookService.swift in Sources */ = {isa = PBXBuildFile; fileRef = EBFD7B452F27BCED005AD941 /* MouseHookService.swift */; };
		EBFD7B472F27C063005AD941 /* BackButtonHandler.swift in Sources */ = {isa = PBXBuildFile; fileRef = EBFD7B442F27BC73005AD941 /* BackButtonHandler.swift */; };
		EBFD7B482F27C068005AD941 /* MouseEventHandler.swift in Sources */ = {isa = PBXBuildFile; fileRef = EBFD7B422F27BC32005AD941 /* MouseEventHandler.swift */; };
		EBFD7B4D2F27C3A3005AD941 /* MappingProfile.swift in Sources */ = {isa = PBXBuildFile; fileRef = EBFD7B4C2F27C345005AD941 /* MappingProfile.swift */; };
		EBFD7B4E2F27C3B2005AD941 /* InputDefinitions.swift in Sources */ = {isa = PBXBuildFile; fileRef = EBFD7B4A2F27C1C9005AD941 /* InputDefinitions.swift */; };
		EBFD7B4F2F27C3C8005AD941 /* ActionDefinitions.swift in Sources */ = {isa = PBXBuildFile; fileRef = EBFD7B4B2F27C296005AD941 /* ActionDefinitions.swift */; };
/* End PBXBuildFile section */

/* Begin PBXFileReference section */
		EB7E731D2F263C9B00215EFC /* ContentView.swift */ = {isa = PBXFileReference; lastKnownFileType = sourcecode.swift; path = ContentView.swift; sourceTree = "<group>"; };
		EB7E731E2F263C9B00215EFC /* MacMouseControllerApp.swift */ = {isa = PBXFileReference; lastKnownFileType = sourcecode.swift; path = MacMouseControllerApp.swift; sourceTree = "<group>"; };
		EB7E731F2F263C9B00215EFC /* PermissionManager.swift */ = {isa = PBXFileReference; lastKnownFileType = sourcecode.swift; path = PermissionManager.swift; sourceTree = "<group>"; };
		EB7E73292F26425300215EFC /* AppState.swift */ = {isa = PBXFileReference; lastKnownFileType = sourcecode.swift; path = AppState.swift; sourceTree = "<group>"; };
		EB9F3B9A2F2627D200F58591 /* mac-mouse-controller.app */ = {isa = PBXFileReference; explicitFileType = wrapper.application; includeInIndex = 0; path = "mac-mouse-controller.app"; sourceTree = BUILT_PRODUCTS_DIR; };
		EBFD7B422F27BC32005AD941 /* MouseEventHandler.swift */ = {isa = PBXFileReference; lastKnownFileType = sourcecode.swift; path = MouseEventHandler.swift; sourceTree = "<group>"; };
		EBFD7B442F27BC73005AD941 /* BackButtonHandler.swift */ = {isa = PBXFileReference; lastKnownFileType = sourcecode.swift; path = BackButtonHandler.swift; sourceTree = "<group>"; };
		EBFD7B452F27BCED005AD941 /* MouseHookService.swift */ = {isa = PBXFileReference; lastKnownFileType = sourcecode.swift; path = MouseHookService.swift; sourceTree = "<group>"; };
		EBFD7B4A2F27C1C9005AD941 /* InputDefinitions.swift */ = {isa = PBXFileReference; lastKnownFileType = sourcecode.swift; path = InputDefinitions.swift; sourceTree = "<group>"; };
		EBFD7B4B2F27C296005AD941 /* ActionDefinitions.swift */ = {isa = PBXFileReference; lastKnownFileType = sourcecode.swift; path = ActionDefinitions.swift; sourceTree = "<group>"; };
		EBFD7B4C2F27C345005AD941 /* MappingProfile.swift */ = {isa = PBXFileReference; lastKnownFileType = sourcecode.swift; path = MappingProfile.swift; sourceTree = "<group>"; };
/* End PBXFileReference section */

/* Begin PBXFileSystemSynchronizedRootGroup section */
		EB9F3B9C2F2627D200F58591 /* mac-mouse-controller */ = {
			isa = PBXFileSystemSynchronizedRootGroup;
			path = "mac-mouse-controller";
			sourceTree = "<group>";
		};
/* End PBXFileSystemSynchronizedRootGroup section */

/* Begin PBXFrameworksBuildPhase section */
		EB9F3B972F2627D200F58591 /* Frameworks */ = {
			isa = PBXFrameworksBuildPhase;
			buildActionMask = 2147483647;
			files = (
			);
			runOnlyForDeploymentPostprocessing = 0;
		};
/* End PBXFrameworksBuildPhase section */

/* Begin PBXGroup section */
		EB7E73252F263D4900215EFC /* Core */ = {
			isa = PBXGroup;
			children = (
				EBFD7B452F27BCED005AD941 /* MouseHookService.swift */,
				EBFD7B432F27BC62005AD941 /* Handlers */,
				EBFD7B422F27BC32005AD941 /* MouseEventHandler.swift */,
			);
			path = Core;
			sourceTree = "<group>";
		};
		EB7E73262F263D5700215EFC /* UI */ = {
			isa = PBXGroup;
			children = (
				EB7E731D2F263C9B00215EFC /* ContentView.swift */,
			);
			path = UI;
			sourceTree = "<group>";
		};
		EB7E73272F263D6000215EFC /* Utils */ = {
			isa = PBXGroup;
			children = (
				EB7E731F2F263C9B00215EFC /* PermissionManager.swift */,
			);
			path = Utils;
			sourceTree = "<group>";
		};
		EB7E73282F263D6900215EFC /* App */ = {
			isa = PBXGroup;
			children = (
				EB7E73292F26425300215EFC /* AppState.swift */,
				EB7E731E2F263C9B00215EFC /* MacMouseControllerApp.swift */,
			);
			path = App;
			sourceTree = "<group>";
		};
		EB9F3B912F2627D200F58591 = {
			isa = PBXGroup;
			children = (
				EBFD7B492F27C1B2005AD941 /* Models */,
				EB7E73282F263D6900215EFC /* App */,
				EB7E73272F263D6000215EFC /* Utils */,
				EB7E73262F263D5700215EFC /* UI */,
				EB7E73252F263D4900215EFC /* Core */,
				EB9F3B9C2F2627D200F58591 /* mac-mouse-controller */,
				EB9F3B9B2F2627D200F58591 /* Products */,
			);
			sourceTree = "<group>";
		};
		EB9F3B9B2F2627D200F58591 /* Products */ = {
			isa = PBXGroup;
			children = (
				EB9F3B9A2F2627D200F58591 /* mac-mouse-controller.app */,
			);
			name = Products;
			sourceTree = "<group>";
		};
		EBFD7B432F27BC62005AD941 /* Handlers */ = {
			isa = PBXGroup;
			children = (
				EBFD7B442F27BC73005AD941 /* BackButtonHandler.swift */,
			);
			path = Handlers;
			sourceTree = "<group>";
		};
		EBFD7B492F27C1B2005AD941 /* Models */ = {
			isa = PBXGroup;
			children = (
				EBFD7B4C2F27C345005AD941 /* MappingProfile.swift */,
				EBFD7B4B2F27C296005AD941 /* ActionDefinitions.swift */,
				EBFD7B4A2F27C1C9005AD941 /* InputDefinitions.swift */,
			);
			path = Models;
			sourceTree = "<group>";
		};
/* End PBXGroup section */

/* Begin PBXNativeTarget section */
		EB9F3B992F2627D200F58591 /* mac-mouse-controller */ = {
			isa = PBXNativeTarget;
			buildConfigurationList = EB9F3BA52F2627D200F58591 /* Build configuration list for PBXNativeTarget "mac-mouse-controller" */;
			buildPhases = (
				EB9F3B962F2627D200F58591 /* Sources */,
				EB9F3B972F2627D200F58591 /* Frameworks */,
				EB9F3B982F2627D200F58591 /* Resources */,
			);
			buildRules = (
			);
			dependencies = (
			);
			fileSystemSynchronizedGroups = (
				EB9F3B9C2F2627D200F58591 /* mac-mouse-controller */,
			);
			name = "mac-mouse-controller";
			packageProductDependencies = (
			);
			productName = "mac-mouse-controller";
			productReference = EB9F3B9A2F2627D200F58591 /* mac-mouse-controller.app */;
			productType = "com.apple.product-type.application";
		};
/* End PBXNativeTarget section */

/* Begin PBXProject section */
		EB9F3B922F2627D200F58591 /* Project object */ = {
			isa = PBXProject;
			attributes = {
				BuildIndependentTargetsInParallel = 1;
				LastSwiftUpdateCheck = 2620;
				LastUpgradeCheck = 2620;
				TargetAttributes = {
					EB9F3B992F2627D200F58591 = {
						CreatedOnToolsVersion = 26.2;
					};
				};
			};
			buildConfigurationList = EB9F3B952F2627D200F58591 /* Build configuration list for PBXProject "mac-mouse-controller" */;
			developmentRegion = en;
			hasScannedForEncodings = 0;
			knownRegions = (
				en,
				Base,
			);
			mainGroup = EB9F3B912F2627D200F58591;
			minimizedProjectReferenceProxies = 1;
			preferredProjectObjectVersion = 77;
			productRefGroup = EB9F3B9B2F2627D200F58591 /* Products */;
			projectDirPath = "";
			projectRoot = "";
			targets = (
				EB9F3B992F2627D200F58591 /* mac-mouse-controller */,
			);
		};
/* End PBXProject section */

/* Begin PBXResourcesBuildPhase section */
		EB9F3B982F2627D200F58591 /* Resources */ = {
			isa = PBXResourcesBuildPhase;
			buildActionMask = 2147483647;
			files = (
			);
			runOnlyForDeploymentPostprocessing = 0;
		};
/* End PBXResourcesBuildPhase section */

/* Begin PBXSourcesBuildPhase section */
		EB9F3B962F2627D200F58591 /* Sources */ = {
			isa = PBXSourcesBuildPhase;
			buildActionMask = 2147483647;
			files = (
				EB7E73212F263C9B00215EFC /* ContentView.swift in Sources */,
				EBFD7B462F27C05D005AD941 /* MouseHookService.swift in Sources */,
				EB7E73222F263C9B00215EFC /* MacMouseControllerApp.swift in Sources */,
				EB7E73232F263C9B00215EFC /* PermissionManager.swift in Sources */,
				EBFD7B4E2F27C3B2005AD941 /* InputDefinitions.swift in Sources */,
				EBFD7B4D2F27C3A3005AD941 /* MappingProfile.swift in Sources */,
				EBFD7B4F2F27C3C8005AD941 /* ActionDefinitions.swift in Sources */,
				EB7E732A2F26425D00215EFC /* AppState.swift in Sources */,
				EBFD7B482F27C068005AD941 /* MouseEventHandler.swift in Sources */,
				EBFD7B472F27C063005AD941 /* BackButtonHandler.swift in Sources */,
			);
			runOnlyForDeploymentPostprocessing = 0;
		};
/* End PBXSourcesBuildPhase section */

/* Begin XCBuildConfiguration section */
		EB9F3BA32F2627D200F58591 /* Debug */ = {
			isa = XCBuildConfiguration;
			buildSettings = {
				ALWAYS_SEARCH_USER_PATHS = NO;
				ASSETCATALOG_COMPILER_GENERATE_SWIFT_ASSET_SYMBOL_EXTENSIONS = YES;
				CLANG_ANALYZER_NONNULL = YES;
				CLANG_ANALYZER_NUMBER_OBJECT_CONVERSION = YES_AGGRESSIVE;
				CLANG_CXX_LANGUAGE_STANDARD = "gnu++20";
				CLANG_ENABLE_MODULES = YES;
				CLANG_ENABLE_OBJC_ARC = YES;
				CLANG_ENABLE_OBJC_WEAK = YES;
				CLANG_WARN_BLOCK_CAPTURE_AUTORELEASING = YES;
				CLANG_WARN_BOOL_CONVERSION = YES;
				CLANG_WARN_COMMA = YES;
				CLANG_WARN_CONSTANT_CONVERSION = YES;
				CLANG_WARN_DEPRECATED_OBJC_IMPLEMENTATIONS = YES;
				CLANG_WARN_DIRECT_OBJC_ISA_USAGE = YES_ERROR;
				CLANG_WARN_DOCUMENTATION_COMMENTS = YES;
				CLANG_WARN_EMPTY_BODY = YES;
				CLANG_WARN_ENUM_CONVERSION = YES;
				CLANG_WARN_INFINITE_RECURSION = YES;
				CLANG_WARN_INT_CONVERSION = YES;
				CLANG_WARN_NON_LITERAL_NULL_CONVERSION = YES;
				CLANG_WARN_OBJC_IMPLICIT_RETAIN_SELF = YES;
				CLANG_WARN_OBJC_LITERAL_CONVERSION = YES;
				CLANG_WARN_OBJC_ROOT_CLASS = YES_ERROR;
				CLANG_WARN_QUOTED_INCLUDE_IN_FRAMEWORK_HEADER = YES;
				CLANG_WARN_RANGE_LOOP_ANALYSIS = YES;
				CLANG_WARN_STRICT_PROTOTYPES = YES;
				CLANG_WARN_SUSPICIOUS_MOVE = YES;
				CLANG_WARN_UNGUARDED_AVAILABILITY = YES_AGGRESSIVE;
				CLANG_WARN_UNREACHABLE_CODE = YES;
				CLANG_WARN__DUPLICATE_METHOD_MATCH = YES;
				COPY_PHASE_STRIP = NO;
				DEBUG_INFORMATION_FORMAT = dwarf;
				ENABLE_STRICT_OBJC_MSGSEND = YES;
				ENABLE_TESTABILITY = YES;
				ENABLE_USER_SCRIPT_SANDBOXING = YES;
				GCC_C_LANGUAGE_STANDARD = gnu17;
				GCC_DYNAMIC_NO_PIC = NO;
				GCC_NO_COMMON_BLOCKS = YES;
				GCC_OPTIMIZATION_LEVEL = 0;
				GCC_PREPROCESSOR_DEFINITIONS = (
					"DEBUG=1",
					"$(inherited)",
				);
				GCC_WARN_64_TO_32_BIT_CONVERSION = YES;
				GCC_WARN_ABOUT_RETURN_TYPE = YES_ERROR;
				GCC_WARN_UNDECLARED_SELECTOR = YES;
				GCC_WARN_UNINITIALIZED_AUTOS = YES_AGGRESSIVE;
				GCC_WARN_UNUSED_FUNCTION = YES;
				GCC_WARN_UNUSED_VARIABLE = YES;
				LOCALIZATION_PREFERS_STRING_CATALOGS = YES;
				MACOSX_DEPLOYMENT_TARGET = 26.2;
				MTL_ENABLE_DEBUG_INFO = INCLUDE_SOURCE;
				MTL_FAST_MATH = YES;
				ONLY_ACTIVE_ARCH = YES;
				SDKROOT = macosx;
				SWIFT_ACTIVE_COMPILATION_CONDITIONS = "DEBUG $(inherited)";
				SWIFT_OPTIMIZATION_LEVEL = "-Onone";
			};
			name = Debug;
		};
		EB9F3BA42F2627D200F58591 /* Release */ = {
			isa = XCBuildConfiguration;
			buildSettings = {
				ALWAYS_SEARCH_USER_PATHS = NO;
				ASSETCATALOG_COMPILER_GENERATE_SWIFT_ASSET_SYMBOL_EXTENSIONS = YES;
				CLANG_ANALYZER_NONNULL = YES;
				CLANG_ANALYZER_NUMBER_OBJECT_CONVERSION = YES_AGGRESSIVE;
				CLANG_CXX_LANGUAGE_STANDARD = "gnu++20";
				CLANG_ENABLE_MODULES = YES;
				CLANG_ENABLE_OBJC_ARC = YES;
				CLANG_ENABLE_OBJC_WEAK = YES;
				CLANG_WARN_BLOCK_CAPTURE_AUTORELEASING = YES;
				CLANG_WARN_BOOL_CONVERSION = YES;
				CLANG_WARN_COMMA = YES;
				CLANG_WARN_CONSTANT_CONVERSION = YES;
				CLANG_WARN_DEPRECATED_OBJC_IMPLEMENTATIONS = YES;
				CLANG_WARN_DIRECT_OBJC_ISA_USAGE = YES_ERROR;
				CLANG_WARN_DOCUMENTATION_COMMENTS = YES;
				CLANG_WARN_EMPTY_BODY = YES;
				CLANG_WARN_ENUM_CONVERSION = YES;
				CLANG_WARN_INFINITE_RECURSION = YES;
				CLANG_WARN_INT_CONVERSION = YES;
				CLANG_WARN_NON_LITERAL_NULL_CONVERSION = YES;
				CLANG_WARN_OBJC_IMPLICIT_RETAIN_SELF = YES;
				CLANG_WARN_OBJC_LITERAL_CONVERSION = YES;
				CLANG_WARN_OBJC_ROOT_CLASS = YES_ERROR;
				CLANG_WARN_QUOTED_INCLUDE_IN_FRAMEWORK_HEADER = YES;
				CLANG_WARN_RANGE_LOOP_ANALYSIS = YES;
				CLANG_WARN_STRICT_PROTOTYPES = YES;
				CLANG_WARN_SUSPICIOUS_MOVE = YES;
				CLANG_WARN_UNGUARDED_AVAILABILITY = YES_AGGRESSIVE;
				CLANG_WARN_UNREACHABLE_CODE = YES;
				CLANG_WARN__DUPLICATE_METHOD_MATCH = YES;
				COPY_PHASE_STRIP = NO;
				DEBUG_INFORMATION_FORMAT = "dwarf-with-dsym";
				ENABLE_NS_ASSERTIONS = NO;
				ENABLE_STRICT_OBJC_MSGSEND = YES;
				ENABLE_USER_SCRIPT_SANDBOXING = YES;
				GCC_C_LANGUAGE_STANDARD = gnu17;
				GCC_NO_COMMON_BLOCKS = YES;
				GCC_WARN_64_TO_32_BIT_CONVERSION = YES;
				GCC_WARN_ABOUT_RETURN_TYPE = YES_ERROR;
				GCC_WARN_UNDECLARED_SELECTOR = YES;
				GCC_WARN_UNINITIALIZED_AUTOS = YES_AGGRESSIVE;
				GCC_WARN_UNUSED_FUNCTION = YES;
				GCC_WARN_UNUSED_VARIABLE = YES;
				LOCALIZATION_PREFERS_STRING_CATALOGS = YES;
				MACOSX_DEPLOYMENT_TARGET = 26.2;
				MTL_ENABLE_DEBUG_INFO = NO;
				MTL_FAST_MATH = YES;
				SDKROOT = macosx;
				SWIFT_COMPILATION_MODE = wholemodule;
			};
			name = Release;
		};
		EB9F3BA62F2627D200F58591 /* Debug */ = {
			isa = XCBuildConfiguration;
			buildSettings = {
				ASSETCATALOG_COMPILER_APPICON_NAME = AppIcon;
				ASSETCATALOG_COMPILER_GLOBAL_ACCENT_COLOR_NAME = AccentColor;
				CODE_SIGN_STYLE = Automatic;
				COMBINE_HIDPI_IMAGES = YES;
				CURRENT_PROJECT_VERSION = 1;
				ENABLE_APP_SANDBOX = NO;
				ENABLE_PREVIEWS = YES;
				GENERATE_INFOPLIST_FILE = YES;
				INFOPLIST_KEY_NSHumanReadableCopyright = "";
				LD_RUNPATH_SEARCH_PATHS = (
					"$(inherited)",
					"@executable_path/../Frameworks",
				);
				MARKETING_VERSION = 1.0;
				PRODUCT_BUNDLE_IDENTIFIER = "com.roccoferrari.mac-mouse-controller";
				PRODUCT_NAME = "$(TARGET_NAME)";
				REGISTER_APP_GROUPS = YES;
				STRING_CATALOG_GENERATE_SYMBOLS = YES;
				SWIFT_APPROACHABLE_CONCURRENCY = YES;
				SWIFT_DEFAULT_ACTOR_ISOLATION = MainActor;
				SWIFT_EMIT_LOC_STRINGS = YES;
				SWIFT_UPCOMING_FEATURE_MEMBER_IMPORT_VISIBILITY = YES;
				SWIFT_VERSION = 5.0;
			};
			name = Debug;
		};
		EB9F3BA72F2627D200F58591 /* Release */ = {
			isa = XCBuildConfiguration;
			buildSettings = {
				ASSETCATALOG_COMPILER_APPICON_NAME = AppIcon;
				ASSETCATALOG_COMPILER_GLOBAL_ACCENT_COLOR_NAME = AccentColor;
				CODE_SIGN_STYLE = Automatic;
				COMBINE_HIDPI_IMAGES = YES;
				CURRENT_PROJECT_VERSION = 1;
				ENABLE_APP_SANDBOX = NO;
				ENABLE_PREVIEWS = YES;
				GENERATE_INFOPLIST_FILE = YES;
				INFOPLIST_KEY_NSHumanReadableCopyright = "";
				LD_RUNPATH_SEARCH_PATHS = (
					"$(inherited)",
					"@executable_path/../Frameworks",
				);
				MARKETING_VERSION = 1.0;
				PRODUCT_BUNDLE_IDENTIFIER = "com.roccoferrari.mac-mouse-controller";
				PRODUCT_NAME = "$(TARGET_NAME)";
				REGISTER_APP_GROUPS = YES;
				STRING_CATALOG_GENERATE_SYMBOLS = YES;
				SWIFT_APPROACHABLE_CONCURRENCY = YES;
				SWIFT_DEFAULT_ACTOR_ISOLATION = MainActor;
				SWIFT_EMIT_LOC_STRINGS = YES;
				SWIFT_UPCOMING_FEATURE_MEMBER_IMPORT_VISIBILITY = YES;
				SWIFT_VERSION = 5.0;
			};
			name = Release;
		};
/* End XCBuildConfiguration section */

/* Begin XCConfigurationList section */
		EB9F3B952F2627D200F58591 /* Build configuration list for PBXProject "mac-mouse-controller" */ = {
			isa = XCConfigurationList;
			buildConfigurations = (
				EB9F3BA32F2627D200F58591 /* Debug */,
				EB9F3BA42F2627D200F58591 /* Release */,
			);
			defaultConfigurationIsVisible = 0;
			defaultConfigurationName = Release;
		};
		EB9F3BA52F2627D200F58591 /* Build configuration list for PBXNativeTarget "mac-mouse-controller" */ = {
			isa = XCConfigurationList;
			buildConfigurations = (
				EB9F3BA62F2627D200F58591 /* Debug */,
				EB9F3BA72F2627D200F58591 /* Release */,
			);
			defaultConfigurationIsVisible = 0;
			defaultConfigurationName = Release;
		};
/* End XCConfigurationList section */
	};
	rootObject = EB9F3B922F2627D200F58591 /* Project object */;
}
